
Microsoft Visual Studio Solution File, Format Version 12.00
# Visual Studio Version 17
VisualStudioVersion = 17.4.33213.308
MinimumVisualStudioVersion = 10.0.40219.1
Project("{9A19103F-16F7-4668-BE54-9A1E7A4F7556}") = "Nodus.API", "Nodus.API\Nodus.API.csproj", "{7F06EE0E-A99F-45B1-AB96-CDEBEEC96831}"
EndProject
Project("{9A19103F-16F7-4668-BE54-9A1E7A4F7556}") = "Nodus.Jamal.Service", "Nodus.Jamal.Service\Nodus.Jamal.Service.csproj", "{3606B420-4356-4861-894F-798E140A0B58}"
EndProject
Project("{E53339B2-1760-4266-BCC7-CA923CBCF16C}") = "docker-compose", "docker-compose.dcproj", "{39A7281B-19B5-4C00-ACF2-1FB57E226CFE}"
EndProject
Project("{9A19103F-16F7-4668-BE54-9A1E7A4F7556}") = "Nodus.Database.Models", "Nodus.Database.Models\Nodus.Database.Models.csproj", "{E893DE53-8391-45A1-A649-510AF37322D9}"
EndProject
Project("{9A19103F-16F7-4668-BE54-9A1E7A4F7556}") = "Nodus.Database.Context", "Nodus.Database.Context\Nodus.Database.Context.csproj", "{C80ADF26-07B5-4717-87A1-62F0E2409717}"
EndProject
Project("{9A19103F-16F7-4668-BE54-9A1E7A4F7556}") = "Nodus.Database.Migrations.Console", "Nodus.Database.Migrations.Console\Nodus.Database.Migrations.Console.csproj", "{6B8FA772-8730-47F4-AAF6-FBED1698A7EE}"
EndProject
Project("{9A19103F-16F7-4668-BE54-9A1E7A4F7556}") = "Nodus.Auth", "Nodus.Auth\Nodus.Auth.csproj", "{865C2442-5D51-4024-9431-783E9AE81039}"
EndProject
Project("{9A19103F-16F7-4668-BE54-9A1E7A4F7556}") = "Nodus.Auth.Handler", "Nodus.Auth.Handler\Nodus.Auth.Handler.csproj", "{1914212A-A5A4-4342-A86D-706BCD5AF9D4}"
EndProject
Project("{9A19103F-16F7-4668-BE54-9A1E7A4F7556}") = "Nodus.Database.Migrator", "Nodus.Database.Migrator\Nodus.Database.Migrator.csproj", "{63C753D3-3596-45C9-9524-470200362F1D}"
EndProject
Project("{2150E333-8FDC-42A3-9474-1A3956D46DE8}") = "Nodus.Database", "Nodus.Database", "{A5926A47-812A-451E-B485-1E9F90EBE480}"
EndProject
Project("{2150E333-8FDC-42A3-9474-1A3956D46DE8}") = "Migrations", "Migrations", "{083AEF5D-30D9-4E62-BCE5-8DBC17162E55}"
EndProject
Project("{9A19103F-16F7-4668-BE54-9A1E7A4F7556}") = "Nodus.Database.Migrations.WebAPI", "Nodus.Database.Migrations.WebAPI\Nodus.Database.Migrations.WebAPI.csproj", "{0FFFEB7B-21DF-42B0-A00E-1011F8A44CB4}"
EndProject
Project("{9A19103F-16F7-4668-BE54-9A1E7A4F7556}") = "Nodus.Database.Migrations.gRPC", "Nodus.Database.Migrations.gRPC\Nodus.Database.Migrations.gRPC.csproj", "{4D2882F9-DFC0-433F-9FFE-D922420D08D3}"
EndProject
Project("{9A19103F-16F7-4668-BE54-9A1E7A4F7556}") = "Nodus.NotificationService", "Nodus.NotificaitonService\Nodus.NotificationService.csproj", "{862E6019-73E6-4AE7-8FB0-D90D091DDCD3}"
EndProject
Project("{2150E333-8FDC-42A3-9474-1A3956D46DE8}") = "Utility", "Utility", "{8F32123F-ECE2-4A1F-9594-218AAA3DB161}"
EndProject
Project("{9A19103F-16F7-4668-BE54-9A1E7A4F7556}") = "Nodus.gRPC.ExceptionHandler", "Nodus.gRPC.ExceptionHandler\Nodus.gRPC.ExceptionHandler.csproj", "{1CDEEAD2-3F87-4E38-88F5-99D38C05E10D}"
EndProject
Project("{9A19103F-16F7-4668-BE54-9A1E7A4F7556}") = "Nodus.TgBot", "Nodus.TgBot\Nodus.TgBot.csproj", "{CFC99776-BAA9-4F5A-A056-47225E963984}"
EndProject
Project("{9A19103F-16F7-4668-BE54-9A1E7A4F7556}") = "Nodus.API.ViewModels", "Nodus.API.ViewModels\Nodus.API.ViewModels.csproj", "{0DE8B5A4-95D5-47A8-AE49-5FD8608B81E5}"
EndProject
Global
	GlobalSection(SolutionConfigurationPlatforms) = preSolution
		Debug|Any CPU = Debug|Any CPU
		Release|Any CPU = Release|Any CPU
	EndGlobalSection
	GlobalSection(ProjectConfigurationPlatforms) = postSolution
		{7F06EE0E-A99F-45B1-AB96-CDEBEEC96831}.Debug|Any CPU.ActiveCfg = Debug|Any CPU
		{7F06EE0E-A99F-45B1-AB96-CDEBEEC96831}.Debug|Any CPU.Build.0 = Debug|Any CPU
		{7F06EE0E-A99F-45B1-AB96-CDEBEEC96831}.Release|Any CPU.ActiveCfg = Release|Any CPU
		{7F06EE0E-A99F-45B1-AB96-CDEBEEC96831}.Release|Any CPU.Build.0 = Release|Any CPU
		{3606B420-4356-4861-894F-798E140A0B58}.Debug|Any CPU.ActiveCfg = Debug|Any CPU
		{3606B420-4356-4861-894F-798E140A0B58}.Debug|Any CPU.Build.0 = Debug|Any CPU
		{3606B420-4356-4861-894F-798E140A0B58}.Release|Any CPU.ActiveCfg = Release|Any CPU
		{3606B420-4356-4861-894F-798E140A0B58}.Release|Any CPU.Build.0 = Release|Any CPU
		{39A7281B-19B5-4C00-ACF2-1FB57E226CFE}.Debug|Any CPU.ActiveCfg = Debug|Any CPU
		{39A7281B-19B5-4C00-ACF2-1FB57E226CFE}.Debug|Any CPU.Build.0 = Debug|Any CPU
		{39A7281B-19B5-4C00-ACF2-1FB57E226CFE}.Release|Any CPU.ActiveCfg = Release|Any CPU
		{39A7281B-19B5-4C00-ACF2-1FB57E226CFE}.Release|Any CPU.Build.0 = Release|Any CPU
		{E893DE53-8391-45A1-A649-510AF37322D9}.Debug|Any CPU.ActiveCfg = Debug|Any CPU
		{E893DE53-8391-45A1-A649-510AF37322D9}.Debug|Any CPU.Build.0 = Debug|Any CPU
		{E893DE53-8391-45A1-A649-510AF37322D9}.Release|Any CPU.ActiveCfg = Release|Any CPU
		{E893DE53-8391-45A1-A649-510AF37322D9}.Release|Any CPU.Build.0 = Release|Any CPU
		{C80ADF26-07B5-4717-87A1-62F0E2409717}.Debug|Any CPU.ActiveCfg = Debug|Any CPU
		{C80ADF26-07B5-4717-87A1-62F0E2409717}.Debug|Any CPU.Build.0 = Debug|Any CPU
		{C80ADF26-07B5-4717-87A1-62F0E2409717}.Release|Any CPU.ActiveCfg = Release|Any CPU
		{C80ADF26-07B5-4717-87A1-62F0E2409717}.Release|Any CPU.Build.0 = Release|Any CPU
		{6B8FA772-8730-47F4-AAF6-FBED1698A7EE}.Debug|Any CPU.ActiveCfg = Debug|Any CPU
		{6B8FA772-8730-47F4-AAF6-FBED1698A7EE}.Debug|Any CPU.Build.0 = Debug|Any CPU
		{6B8FA772-8730-47F4-AAF6-FBED1698A7EE}.Release|Any CPU.ActiveCfg = Release|Any CPU
		{6B8FA772-8730-47F4-AAF6-FBED1698A7EE}.Release|Any CPU.Build.0 = Release|Any CPU
		{865C2442-5D51-4024-9431-783E9AE81039}.Debug|Any CPU.ActiveCfg = Debug|Any CPU
		{865C2442-5D51-4024-9431-783E9AE81039}.Debug|Any CPU.Build.0 = Debug|Any CPU
		{865C2442-5D51-4024-9431-783E9AE81039}.Release|Any CPU.ActiveCfg = Release|Any CPU
		{865C2442-5D51-4024-9431-783E9AE81039}.Release|Any CPU.Build.0 = Release|Any CPU
		{1914212A-A5A4-4342-A86D-706BCD5AF9D4}.Debug|Any CPU.ActiveCfg = Debug|Any CPU
		{1914212A-A5A4-4342-A86D-706BCD5AF9D4}.Debug|Any CPU.Build.0 = Debug|Any CPU
		{1914212A-A5A4-4342-A86D-706BCD5AF9D4}.Release|Any CPU.ActiveCfg = Release|Any CPU
		{1914212A-A5A4-4342-A86D-706BCD5AF9D4}.Release|Any CPU.Build.0 = Release|Any CPU
		{63C753D3-3596-45C9-9524-470200362F1D}.Debug|Any CPU.ActiveCfg = Debug|Any CPU
		{63C753D3-3596-45C9-9524-470200362F1D}.Debug|Any CPU.Build.0 = Debug|Any CPU
		{63C753D3-3596-45C9-9524-470200362F1D}.Release|Any CPU.ActiveCfg = Release|Any CPU
		{63C753D3-3596-45C9-9524-470200362F1D}.Release|Any CPU.Build.0 = Release|Any CPU
		{0FFFEB7B-21DF-42B0-A00E-1011F8A44CB4}.Debug|Any CPU.ActiveCfg = Debug|Any CPU
		{0FFFEB7B-21DF-42B0-A00E-1011F8A44CB4}.Debug|Any CPU.Build.0 = Debug|Any CPU
		{0FFFEB7B-21DF-42B0-A00E-1011F8A44CB4}.Release|Any CPU.ActiveCfg = Release|Any CPU
		{0FFFEB7B-21DF-42B0-A00E-1011F8A44CB4}.Release|Any CPU.Build.0 = Release|Any CPU
		{4D2882F9-DFC0-433F-9FFE-D922420D08D3}.Debug|Any CPU.ActiveCfg = Debug|Any CPU
		{4D2882F9-DFC0-433F-9FFE-D922420D08D3}.Debug|Any CPU.Build.0 = Debug|Any CPU
		{4D2882F9-DFC0-433F-9FFE-D922420D08D3}.Release|Any CPU.ActiveCfg = Release|Any CPU
		{4D2882F9-DFC0-433F-9FFE-D922420D08D3}.Release|Any CPU.Build.0 = Release|Any CPU
		{862E6019-73E6-4AE7-8FB0-D90D091DDCD3}.Debug|Any CPU.ActiveCfg = Debug|Any CPU
		{862E6019-73E6-4AE7-8FB0-D90D091DDCD3}.Debug|Any CPU.Build.0 = Debug|Any CPU
		{862E6019-73E6-4AE7-8FB0-D90D091DDCD3}.Release|Any CPU.ActiveCfg = Release|Any CPU
		{862E6019-73E6-4AE7-8FB0-D90D091DDCD3}.Release|Any CPU.Build.0 = Release|Any CPU
		{1CDEEAD2-3F87-4E38-88F5-99D38C05E10D}.Debug|Any CPU.ActiveCfg = Debug|Any CPU
		{1CDEEAD2-3F87-4E38-88F5-99D38C05E10D}.Debug|Any CPU.Build.0 = Debug|Any CPU
		{1CDEEAD2-3F87-4E38-88F5-99D38C05E10D}.Release|Any CPU.ActiveCfg = Release|Any CPU
		{1CDEEAD2-3F87-4E38-88F5-99D38C05E10D}.Release|Any CPU.Build.0 = Release|Any CPU
		{CFC99776-BAA9-4F5A-A056-47225E963984}.Debug|Any CPU.ActiveCfg = Debug|Any CPU
		{CFC99776-BAA9-4F5A-A056-47225E963984}.Debug|Any CPU.Build.0 = Debug|Any CPU
		{CFC99776-BAA9-4F5A-A056-47225E963984}.Release|Any CPU.ActiveCfg = Release|Any CPU
		{CFC99776-BAA9-4F5A-A056-47225E963984}.Release|Any CPU.Build.0 = Release|Any CPU
		{0DE8B5A4-95D5-47A8-AE49-5FD8608B81E5}.Debug|Any CPU.ActiveCfg = Debug|Any CPU
		{0DE8B5A4-95D5-47A8-AE49-5FD8608B81E5}.Debug|Any CPU.Build.0 = Debug|Any CPU
		{0DE8B5A4-95D5-47A8-AE49-5FD8608B81E5}.Release|Any CPU.ActiveCfg = Release|Any CPU
		{0DE8B5A4-95D5-47A8-AE49-5FD8608B81E5}.Release|Any CPU.Build.0 = Release|Any CPU
	EndGlobalSection
	GlobalSection(SolutionProperties) = preSolution
		HideSolutionNode = FALSE
	EndGlobalSection
	GlobalSection(NestedProjects) = preSolution
		{E893DE53-8391-45A1-A649-510AF37322D9} = {A5926A47-812A-451E-B485-1E9F90EBE480}
		{C80ADF26-07B5-4717-87A1-62F0E2409717} = {A5926A47-812A-451E-B485-1E9F90EBE480}
		{6B8FA772-8730-47F4-AAF6-FBED1698A7EE} = {083AEF5D-30D9-4E62-BCE5-8DBC17162E55}
		{63C753D3-3596-45C9-9524-470200362F1D} = {083AEF5D-30D9-4E62-BCE5-8DBC17162E55}
		{083AEF5D-30D9-4E62-BCE5-8DBC17162E55} = {A5926A47-812A-451E-B485-1E9F90EBE480}
		{0FFFEB7B-21DF-42B0-A00E-1011F8A44CB4} = {083AEF5D-30D9-4E62-BCE5-8DBC17162E55}
		{4D2882F9-DFC0-433F-9FFE-D922420D08D3} = {083AEF5D-30D9-4E62-BCE5-8DBC17162E55}
		{1CDEEAD2-3F87-4E38-88F5-99D38C05E10D} = {8F32123F-ECE2-4A1F-9594-218AAA3DB161}
		{0DE8B5A4-95D5-47A8-AE49-5FD8608B81E5} = {8F32123F-ECE2-4A1F-9594-218AAA3DB161}
	EndGlobalSection
	GlobalSection(ExtensibilityGlobals) = postSolution
		SolutionGuid = {98A200C2-204B-48E1-B8B6-4F4C3BA9D784}
	EndGlobalSection
EndGlobal
